{
  "name": "ranvier-example-commands",
  "version": "1.0.0",
  "lockfileVersion": 1,
  "requires": true,
  "dependencies": {
    "humanize-duration": {
      "version": "3.14.0",
      "resolved": "https://registry.npmjs.org/humanize-duration/-/humanize-duration-3.14.0.tgz",
      "integrity": "sha512-ebqI6Aaw64T7e7bZoFeoHkvlyy7mpVDqXCPm9gLFi9S42QWD3PWQ1FMwDKJo0y8/sXcfZ9hughSadLwTfmafmw=="
    }
  }
}
