{
  "name": "ranvier-bundle-telnet",
  "version": "1.0.0",
  "lockfileVersion": 1,
  "requires": true,
  "dependencies": {
    "ranvier-telnet": {
      "version": "1.0.1",
      "resolved": "https://registry.npmjs.org/ranvier-telnet/-/ranvier-telnet-1.0.1.tgz",
      "integrity": "sha512-MIZYUhMJxCqMmSlx7NwcBkvYQTp5ChnA6DjhTX9toTrhycTgMqXS/XamXcdsTc1zwVhXwWbtCRi5CWllFvhMdw=="
    }
  }
}
