{
  "name": "ranvier-bundle-telnet",
  "version": "1.0.0",
  "lockfileVersion": 1,
  "requires": true,
  "dependencies": {
    "ranvier-telnet": {
      "version": "1.0.0",
      "resolved": "https://registry.npmjs.org/ranvier-telnet/-/ranvier-telnet-1.0.0.tgz",
      "integrity": "sha512-oF6cRsARz7MdcrcIlVJJzfWf98Ty42Mb+7ADZPmWtJ8vpMKIV2dN+93zksWMmfzBjROPsU62wYhMoHUnMD19fA=="
    }
  }
}
